{
  "name": "pyrrhia-3d-map",
  "version": "1.0.0",
  "lockfileVersion": 3,
  "requires": true,
  "packages": {
    "": {
      "name": "pyrrhia-3d-map",
      "version": "1.0.0",
      "dependencies": {
        "three": "^0.170.0"
      },
      "devDependencies": {
        "@types/three": "^0.170.0",
        "puppeteer": "^25.4.0",
        "typescript": "^5.7.2",
        "vite": "^6.0.0"
      }
    }
  }
}