{
  "name": "pyrrhia-3d-map",
  "version": "1.0.0",
  "lockfileVersion": 3,
  "requires": true,
  "packages": {
    "": {
      "name": "pyrrhia-3d-map",
      "version": "1.0.0",
      "dependencies": {
        "three": "^0.170.0"
      },
      "devDependencies": {
        "@types/three": "^0.170.0",
        "puppeteer": "^25.4.0",
        "typescript": "^5.7.2",
        "vite": "^6.0.0"
      }
    },
    "node_modules/@esbuild/aix-ppc64": {
      "version": "0.25.12",
      "resolved": "https://registry.npmjs.org/@esbuild/aix-ppc64/-/aix-ppc64-0.25.12.tgz",
      "integrity": "sha512-Hhmwd6CInZ3dwpuGTF8fJG6yoWmsToE+vYgD4nytZVxcu1ulHpUQRAB1UJ8+N1Am3Mz4+xOByoQoSZf4D+CpkA==",
      "cpu": ["ppc64"],
      "dev": true,
      "license": "MIT",
      "optional": true,
      "os": ["aix"],
      "engines": {"node": ">=18"}
    }
  }
}